
Microsoft Visual Studio Solution File, Format Version 12.00
# Visual Studio Version 17
VisualStudioVersion = 17.5.33516.290
MinimumVisualStudioVersion = 10.0.40219.1
Project("{9A19103F-16F7-4668-BE54-9A1E7A4F7556}") = "BackEnd", "BackEnd\BackEnd.csproj", "{B028BCB3-C12B-408D-B310-0FE7DBFC9400}"
EndProject
Project("{9A19103F-16F7-4668-BE54-9A1E7A4F7556}") = "FrontEnd", "FrontEnd\FrontEnd.csproj", "{440FD558-9D61-488A-944A-8E38C5C42149}"
EndProject
Project("{9A19103F-16F7-4668-BE54-9A1E7A4F7556}") = "WebApi", "WebApi\WebApi.csproj", "{04A7403C-CD2E-446E-ACE5-67420032AA4F}"
EndProject
Global
	GlobalSection(SolutionConfigurationPlatforms) = preSolution
		Debug|Any CPU = Debug|Any CPU
		Release|Any CPU = Release|Any CPU
	EndGlobalSection
	GlobalSection(ProjectConfigurationPlatforms) = postSolution
		{B028BCB3-C12B-408D-B310-0FE7DBFC9400}.Debug|Any CPU.ActiveCfg = Debug|Any CPU
		{B028BCB3-C12B-408D-B310-0FE7DBFC9400}.Debug|Any CPU.Build.0 = Debug|Any CPU
		{B028BCB3-C12B-408D-B310-0FE7DBFC9400}.Release|Any CPU.ActiveCfg = Release|Any CPU
		{B028BCB3-C12B-408D-B310-0FE7DBFC9400}.Release|Any CPU.Build.0 = Release|Any CPU
		{440FD558-9D61-488A-944A-8E38C5C42149}.Debug|Any CPU.ActiveCfg = Debug|Any CPU
		{440FD558-9D61-488A-944A-8E38C5C42149}.Debug|Any CPU.Build.0 = Debug|Any CPU
		{440FD558-9D61-488A-944A-8E38C5C42149}.Release|Any CPU.ActiveCfg = Release|Any CPU
		{440FD558-9D61-488A-944A-8E38C5C42149}.Release|Any CPU.Build.0 = Release|Any CPU
		{04A7403C-CD2E-446E-ACE5-67420032AA4F}.Debug|Any CPU.ActiveCfg = Debug|Any CPU
		{04A7403C-CD2E-446E-ACE5-67420032AA4F}.Debug|Any CPU.Build.0 = Debug|Any CPU
		{04A7403C-CD2E-446E-ACE5-67420032AA4F}.Release|Any CPU.ActiveCfg = Release|Any CPU
		{04A7403C-CD2E-446E-ACE5-67420032AA4F}.Release|Any CPU.Build.0 = Release|Any CPU
	EndGlobalSection
	GlobalSection(SolutionProperties) = preSolution
		HideSolutionNode = FALSE
	EndGlobalSection
	GlobalSection(ExtensibilityGlobals) = postSolution
		SolutionGuid = {8AC405D7-729F-44B3-B058-732104EB9AF5}
	EndGlobalSection
EndGlobal
